// !$*UTF8*$!
{
	archiveVersion = 1;
	classes = {
	};
	objectVersion = 56;
	objects = {

/* Begin PBXBuildFile section */
		0807294D29D7E6FF00647877 /* BerserkerPerk.swift in Sources */ = {isa = PBXBuildFile; fileRef = 0807294C29D7E6FF00647877 /* BerserkerPerk.swift */; };
		0814571329D1AA77000D5DA9 /* Decks.swift in Sources */ = {isa = PBXBuildFile; fileRef = 0814571229D1AA77000D5DA9 /* Decks.swift */; };
		0814571529D23DDB000D5DA9 /* FileManager-DocumentDirectory.swift in Sources */ = {isa = PBXBuildFile; fileRef = 0814571429D23DDB000D5DA9 /* FileManager-DocumentDirectory.swift */; };
		083D5A8B29D93A3000171224 /* MindthiefPerk.swift in Sources */ = {isa = PBXBuildFile; fileRef = 083D5A8A29D93A2F00171224 /* MindthiefPerk.swift */; };
		083D5A8D29D942F300171224 /* ScoundrelPerk.swift in Sources */ = {isa = PBXBuildFile; fileRef = 083D5A8C29D942F300171224 /* ScoundrelPerk.swift */; };
		083D5A8F29D9577500171224 /* TinkererPerk.swift in Sources */ = {isa = PBXBuildFile; fileRef = 083D5A8E29D9577500171224 /* TinkererPerk.swift */; };
		0873D95029DA9BFD00C26804 /* BeastTyrantPerk.swift in Sources */ = {isa = PBXBuildFile; fileRef = 0873D94F29DA9BFD00C26804 /* BeastTyrantPerk.swift */; };
		0873D95229DA9C0700C26804 /* DoomstalkerPerk.swift in Sources */ = {isa = PBXBuildFile; fileRef = 0873D95129DA9C0700C26804 /* DoomstalkerPerk.swift */; };
		0873D95429DA9C1000C26804 /* ElementalistPerk.swift in Sources */ = {isa = PBXBuildFile; fileRef = 0873D95329DA9C1000C26804 /* ElementalistPerk.swift */; };
		0873D95629DA9C1A00C26804 /* NightshroudPerk.swift in Sources */ = {isa = PBXBuildFile; fileRef = 0873D95529DA9C1A00C26804 /* NightshroudPerk.swift */; };
		0873D95829DA9C4700C26804 /* PirataOne-Regular.ttf in Resources */ = {isa = PBXBuildFile; fileRef = 0873D95729DA9C4700C26804 /* PirataOne-Regular.ttf */; };
		087AACEC29D8F0B700DA5F9B /* classIcons.xcassets in Resources */ = {isa = PBXBuildFile; fileRef = 087AACEB29D8F0B700DA5F9B /* classIcons.xcassets */; };
		0880DD4529D671E200B53B51 /* perkIcons.xcassets in Resources */ = {isa = PBXBuildFile; fileRef = 0880DD4429D671E200B53B51 /* perkIcons.xcassets */; };
		0882E44A29A79E2F00FB277E /* CardFlipApp.swift in Sources */ = {isa = PBXBuildFile; fileRef = 0882E44929A79E2F00FB277E /* CardFlipApp.swift */; };
		0882E44C29A79E2F00FB277E /* ContentView.swift in Sources */ = {isa = PBXBuildFile; fileRef = 0882E44B29A79E2F00FB277E /* ContentView.swift */; };
		0882E44E29A79E3100FB277E /* Assets.xcassets in Resources */ = {isa = PBXBuildFile; fileRef = 0882E44D29A79E3100FB277E /* Assets.xcassets */; };
		0882E45129A79E3100FB277E /* Preview Assets.xcassets in Resources */ = {isa = PBXBuildFile; fileRef = 0882E45029A79E3100FB277E /* Preview Assets.xcassets */; };
		0882E45C29A79F5B00FB277E /* Deck.swift in Sources */ = {isa = PBXBuildFile; fileRef = 0882E45B29A79F5B00FB277E /* Deck.swift */; };
		282B3EF029C78DB900D3D399 /* SideMenu.swift in Sources */ = {isa = PBXBuildFile; fileRef = 282B3EEF29C78DB900D3D399 /* SideMenu.swift */; };
		282EFE2929AF65B000F706F0 /* DeckView.swift in Sources */ = {isa = PBXBuildFile; fileRef = 282EFE2829AF65B000F706F0 /* DeckView.swift */; };
		2878AE9E29D9021900DBE245 /* CragheartPerk.swift in Sources */ = {isa = PBXBuildFile; fileRef = 2878AE9D29D9021900DBE245 /* CragheartPerk.swift */; };
		2878AEA029D9087D00DBE245 /* SpellweaverPerk.swift in Sources */ = {isa = PBXBuildFile; fileRef = 2878AE9F29D9087D00DBE245 /* SpellweaverPerk.swift */; };
		287EF15129DA51DD00D2BE76 /* SunkeeperPerk.swift in Sources */ = {isa = PBXBuildFile; fileRef = 287EF15029DA51DD00D2BE76 /* SunkeeperPerk.swift */; };
		2889105B29CA46BF000D1877 /* PerkView.swift in Sources */ = {isa = PBXBuildFile; fileRef = 2889105929CA46BF000D1877 /* PerkView.swift */; };
		2889105C29CA46BF000D1877 /* BrutePerk.swift in Sources */ = {isa = PBXBuildFile; fileRef = 2889105A29CA46BF000D1877 /* BrutePerk.swift */; };
		28C7D23D29B9047300073C6D /* AppDelegate.swift in Sources */ = {isa = PBXBuildFile; fileRef = 28C7D23C29B9047300073C6D /* AppDelegate.swift */; };
		28D1275629DA579C00282229 /* SummonerPerk.swift in Sources */ = {isa = PBXBuildFile; fileRef = 28D1275529DA579C00282229 /* SummonerPerk.swift */; };
		28FD47FB29D101C300C566BD /* CharacterCreation.swift in Sources */ = {isa = PBXBuildFile; fileRef = 28FD47FA29D101C300C566BD /* CharacterCreation.swift */; };
/* End PBXBuildFile section */

/* Begin PBXFileReference section */
		0807294C29D7E6FF00647877 /* BerserkerPerk.swift */ = {isa = PBXFileReference; lastKnownFileType = sourcecode.swift; path = BerserkerPerk.swift; sourceTree = "<group>"; };
		0814571229D1AA77000D5DA9 /* Decks.swift */ = {isa = PBXFileReference; lastKnownFileType = sourcecode.swift; path = Decks.swift; sourceTree = "<group>"; };
		0814571429D23DDB000D5DA9 /* FileManager-DocumentDirectory.swift */ = {isa = PBXFileReference; fileEncoding = 4; lastKnownFileType = sourcecode.swift; path = "FileManager-DocumentDirectory.swift"; sourceTree = "<group>"; };
		083D5A8A29D93A2F00171224 /* MindthiefPerk.swift */ = {isa = PBXFileReference; lastKnownFileType = sourcecode.swift; path = MindthiefPerk.swift; sourceTree = "<group>"; };
		083D5A8C29D942F300171224 /* ScoundrelPerk.swift */ = {isa = PBXFileReference; lastKnownFileType = sourcecode.swift; path = ScoundrelPerk.swift; sourceTree = "<group>"; };
		083D5A8E29D9577500171224 /* TinkererPerk.swift */ = {isa = PBXFileReference; lastKnownFileType = sourcecode.swift; path = TinkererPerk.swift; sourceTree = "<group>"; };
		0873D94F29DA9BFD00C26804 /* BeastTyrantPerk.swift */ = {isa = PBXFileReference; fileEncoding = 4; lastKnownFileType = sourcecode.swift; path = BeastTyrantPerk.swift; sourceTree = "<group>"; };
		0873D95129DA9C0700C26804 /* DoomstalkerPerk.swift */ = {isa = PBXFileReference; fileEncoding = 4; lastKnownFileType = sourcecode.swift; path = DoomstalkerPerk.swift; sourceTree = "<group>"; };
		0873D95329DA9C1000C26804 /* ElementalistPerk.swift */ = {isa = PBXFileReference; fileEncoding = 4; lastKnownFileType = sourcecode.swift; path = ElementalistPerk.swift; sourceTree = "<group>"; };
		0873D95529DA9C1A00C26804 /* NightshroudPerk.swift */ = {isa = PBXFileReference; fileEncoding = 4; lastKnownFileType = sourcecode.swift; path = NightshroudPerk.swift; sourceTree = "<group>"; };
		0873D95729DA9C4700C26804 /* PirataOne-Regular.ttf */ = {isa = PBXFileReference; lastKnownFileType = file; name = "PirataOne-Regular.ttf"; path = "../../../Downloads/PirataOne-Regular.ttf"; sourceTree = "<group>"; };
		087AACEB29D8F0B700DA5F9B /* classIcons.xcassets */ = {isa = PBXFileReference; lastKnownFileType = folder.assetcatalog; path = classIcons.xcassets; sourceTree = "<group>"; };
		0880DD4429D671E200B53B51 /* perkIcons.xcassets */ = {isa = PBXFileReference; lastKnownFileType = folder.assetcatalog; path = perkIcons.xcassets; sourceTree = "<group>"; };
		0880DD4929D6780B00B53B51 /* Info.plist */ = {isa = PBXFileReference; lastKnownFileType = text.plist; path = Info.plist; sourceTree = "<group>"; };
		0882E44629A79E2F00FB277E /* CardFlip.app */ = {isa = PBXFileReference; explicitFileType = wrapper.application; includeInIndex = 0; path = CardFlip.app; sourceTree = BUILT_PRODUCTS_DIR; };
		0882E44929A79E2F00FB277E /* CardFlipApp.swift */ = {isa = PBXFileReference; lastKnownFileType = sourcecode.swift; path = CardFlipApp.swift; sourceTree = "<group>"; };
		0882E44B29A79E2F00FB277E /* ContentView.swift */ = {isa = PBXFileReference; lastKnownFileType = sourcecode.swift; path = ContentView.swift; sourceTree = "<group>"; };
		0882E44D29A79E3100FB277E /* Assets.xcassets */ = {isa = PBXFileReference; lastKnownFileType = folder.assetcatalog; path = Assets.xcassets; sourceTree = "<group>"; };
		0882E45029A79E3100FB277E /* Preview Assets.xcassets */ = {isa = PBXFileReference; lastKnownFileType = folder.assetcatalog; path = "Preview Assets.xcassets"; sourceTree = "<group>"; };
		0882E45B29A79F5B00FB277E /* Deck.swift */ = {isa = PBXFileReference; lastKnownFileType = sourcecode.swift; path = Deck.swift; sourceTree = "<group>"; };
		282B3EEF29C78DB900D3D399 /* SideMenu.swift */ = {isa = PBXFileReference; fileEncoding = 4; lastKnownFileType = sourcecode.swift; path = SideMenu.swift; sourceTree = "<group>"; };
		282EFE2829AF65B000F706F0 /* DeckView.swift */ = {isa = PBXFileReference; lastKnownFileType = sourcecode.swift; path = DeckView.swift; sourceTree = "<group>"; };
		2878AE9D29D9021900DBE245 /* CragheartPerk.swift */ = {isa = PBXFileReference; lastKnownFileType = sourcecode.swift; path = CragheartPerk.swift; sourceTree = "<group>"; };
		2878AE9F29D9087D00DBE245 /* SpellweaverPerk.swift */ = {isa = PBXFileReference; lastKnownFileType = sourcecode.swift; path = SpellweaverPerk.swift; sourceTree = "<group>"; };
		287EF15029DA51DD00D2BE76 /* SunkeeperPerk.swift */ = {isa = PBXFileReference; lastKnownFileType = sourcecode.swift; path = SunkeeperPerk.swift; sourceTree = "<group>"; };
		2889105929CA46BF000D1877 /* PerkView.swift */ = {isa = PBXFileReference; fileEncoding = 4; lastKnownFileType = sourcecode.swift; path = PerkView.swift; sourceTree = "<group>"; };
		2889105A29CA46BF000D1877 /* BrutePerk.swift */ = {isa = PBXFileReference; fileEncoding = 4; lastKnownFileType = sourcecode.swift; path = BrutePerk.swift; sourceTree = "<group>"; };
		28C7D23C29B9047300073C6D /* AppDelegate.swift */ = {isa = PBXFileReference; lastKnownFileType = sourcecode.swift; path = AppDelegate.swift; sourceTree = "<group>"; };
		28D1275529DA579C00282229 /* SummonerPerk.swift */ = {isa = PBXFileReference; lastKnownFileType = sourcecode.swift; path = SummonerPerk.swift; sourceTree = "<group>"; };
		28FD47FA29D101C300C566BD /* CharacterCreation.swift */ = {isa = PBXFileReference; lastKnownFileType = sourcecode.swift; path = CharacterCreation.swift; sourceTree = "<group>"; };
/* End PBXFileReference section */

/* Begin PBXFrameworksBuildPhase section */
		0882E44329A79E2F00FB277E /* Frameworks */ = {
			isa = PBXFrameworksBuildPhase;
			buildActionMask = 2147483647;
			files = (
			);
			runOnlyForDeploymentPostprocessing = 0;
		};
/* End PBXFrameworksBuildPhase section */

/* Begin PBXGroup section */
		0882E43D29A79E2F00FB277E = {
			isa = PBXGroup;
			children = (
				0882E44829A79E2F00FB277E /* CardFlip */,
				0882E44729A79E2F00FB277E /* Products */,
			);
			sourceTree = "<group>";
		};
		0882E44729A79E2F00FB277E /* Products */ = {
			isa = PBXGroup;
			children = (
				0882E44629A79E2F00FB277E /* CardFlip.app */,
			);
			name = Products;
			sourceTree = "<group>";
		};
		0882E44829A79E2F00FB277E /* CardFlip */ = {
			isa = PBXGroup;
			children = (
				0880DD4929D6780B00B53B51 /* Info.plist */,
				0873D95729DA9C4700C26804 /* PirataOne-Regular.ttf */,
				0882E44929A79E2F00FB277E /* CardFlipApp.swift */,
				28C7D23C29B9047300073C6D /* AppDelegate.swift */,
				0882E44B29A79E2F00FB277E /* ContentView.swift */,
				282EFE2829AF65B000F706F0 /* DeckView.swift */,
				0882E45B29A79F5B00FB277E /* Deck.swift */,
				0814571229D1AA77000D5DA9 /* Decks.swift */,
				0814571429D23DDB000D5DA9 /* FileManager-DocumentDirectory.swift */,
				282B3EEF29C78DB900D3D399 /* SideMenu.swift */,
				28FD47FA29D101C300C566BD /* CharacterCreation.swift */,
				2889105829CA46BF000D1877 /* Perk */,
				0882E44D29A79E3100FB277E /* Assets.xcassets */,
				0880DD4429D671E200B53B51 /* perkIcons.xcassets */,
				087AACEB29D8F0B700DA5F9B /* classIcons.xcassets */,
				0882E44F29A79E3100FB277E /* Preview Content */,
			);
			path = CardFlip;
			sourceTree = "<group>";
		};
		0882E44F29A79E3100FB277E /* Preview Content */ = {
			isa = PBXGroup;
			children = (
				0882E45029A79E3100FB277E /* Preview Assets.xcassets */,
			);
			path = "Preview Content";
			sourceTree = "<group>";
		};
		2889105829CA46BF000D1877 /* Perk */ = {
			isa = PBXGroup;
			children = (
				2889105929CA46BF000D1877 /* PerkView.swift */,
				2889105A29CA46BF000D1877 /* BrutePerk.swift */,
				2878AE9F29D9087D00DBE245 /* SpellweaverPerk.swift */,
				083D5A8A29D93A2F00171224 /* MindthiefPerk.swift */,
				083D5A8C29D942F300171224 /* ScoundrelPerk.swift */,
				083D5A8E29D9577500171224 /* TinkererPerk.swift */,
				2878AE9D29D9021900DBE245 /* CragheartPerk.swift */,
				0873D94F29DA9BFD00C26804 /* BeastTyrantPerk.swift */,
				0807294C29D7E6FF00647877 /* BerserkerPerk.swift */,
				0873D95129DA9C0700C26804 /* DoomstalkerPerk.swift */,
				0873D95329DA9C1000C26804 /* ElementalistPerk.swift */,
				0873D95529DA9C1A00C26804 /* NightshroudPerk.swift */,
				287EF15029DA51DD00D2BE76 /* SunkeeperPerk.swift */,
				28D1275529DA579C00282229 /* SummonerPerk.swift */,
			);
			path = Perk;
			sourceTree = "<group>";
		};
/* End PBXGroup section */

/* Begin PBXNativeTarget section */
		0882E44529A79E2F00FB277E /* CardFlip */ = {
			isa = PBXNativeTarget;
			buildConfigurationList = 0882E45429A79E3100FB277E /* Build configuration list for PBXNativeTarget "CardFlip" */;
			buildPhases = (
				0882E44229A79E2F00FB277E /* Sources */,
				0882E44329A79E2F00FB277E /* Frameworks */,
				0882E44429A79E2F00FB277E /* Resources */,
			);
			buildRules = (
			);
			dependencies = (
			);
			name = CardFlip;
			productName = CardFlip;
			productReference = 0882E44629A79E2F00FB277E /* CardFlip.app */;
			productType = "com.apple.product-type.application";
		};
/* End PBXNativeTarget section */

/* Begin PBXProject section */
		0882E43E29A79E2F00FB277E /* Project object */ = {
			isa = PBXProject;
			attributes = {
				BuildIndependentTargetsInParallel = 1;
				LastSwiftUpdateCheck = 1420;
				LastUpgradeCheck = 1420;
				TargetAttributes = {
					0882E44529A79E2F00FB277E = {
						CreatedOnToolsVersion = 14.2;
					};
				};
			};
			buildConfigurationList = 0882E44129A79E2F00FB277E /* Build configuration list for PBXProject "CardFlip" */;
			compatibilityVersion = "Xcode 14.0";
			developmentRegion = en;
			hasScannedForEncodings = 0;
			knownRegions = (
				en,
				Base,
			);
			mainGroup = 0882E43D29A79E2F00FB277E;
			productRefGroup = 0882E44729A79E2F00FB277E /* Products */;
			projectDirPath = "";
			projectRoot = "";
			targets = (
				0882E44529A79E2F00FB277E /* CardFlip */,
			);
		};
/* End PBXProject section */

/* Begin PBXResourcesBuildPhase section */
		0882E44429A79E2F00FB277E /* Resources */ = {
			isa = PBXResourcesBuildPhase;
			buildActionMask = 2147483647;
			files = (
				0873D95829DA9C4700C26804 /* PirataOne-Regular.ttf in Resources */,
				0882E45129A79E3100FB277E /* Preview Assets.xcassets in Resources */,
				0880DD4529D671E200B53B51 /* perkIcons.xcassets in Resources */,
				0882E44E29A79E3100FB277E /* Assets.xcassets in Resources */,
				087AACEC29D8F0B700DA5F9B /* classIcons.xcassets in Resources */,
			);
			runOnlyForDeploymentPostprocessing = 0;
		};
/* End PBXResourcesBuildPhase section */

/* Begin PBXSourcesBuildPhase section */
		0882E44229A79E2F00FB277E /* Sources */ = {
			isa = PBXSourcesBuildPhase;
			buildActionMask = 2147483647;
			files = (
				0873D95429DA9C1000C26804 /* ElementalistPerk.swift in Sources */,
				0882E45C29A79F5B00FB277E /* Deck.swift in Sources */,
				0882E44C29A79E2F00FB277E /* ContentView.swift in Sources */,
				2878AEA029D9087D00DBE245 /* SpellweaverPerk.swift in Sources */,
				0882E44A29A79E2F00FB277E /* CardFlipApp.swift in Sources */,
				282B3EF029C78DB900D3D399 /* SideMenu.swift in Sources */,
				2878AE9E29D9021900DBE245 /* CragheartPerk.swift in Sources */,
				28FD47FB29D101C300C566BD /* CharacterCreation.swift in Sources */,
				0814571529D23DDB000D5DA9 /* FileManager-DocumentDirectory.swift in Sources */,
				2889105C29CA46BF000D1877 /* BrutePerk.swift in Sources */,
				28D1275629DA579C00282229 /* SummonerPerk.swift in Sources */,
				0814571329D1AA77000D5DA9 /* Decks.swift in Sources */,
				083D5A8F29D9577500171224 /* TinkererPerk.swift in Sources */,
				28C7D23D29B9047300073C6D /* AppDelegate.swift in Sources */,
				0873D95629DA9C1A00C26804 /* NightshroudPerk.swift in Sources */,
				0807294D29D7E6FF00647877 /* BerserkerPerk.swift in Sources */,
				2889105B29CA46BF000D1877 /* PerkView.swift in Sources */,
				287EF15129DA51DD00D2BE76 /* SunkeeperPerk.swift in Sources */,
				282EFE2929AF65B000F706F0 /* DeckView.swift in Sources */,
				083D5A8B29D93A3000171224 /* MindthiefPerk.swift in Sources */,
				083D5A8D29D942F300171224 /* ScoundrelPerk.swift in Sources */,
				0873D95229DA9C0700C26804 /* DoomstalkerPerk.swift in Sources */,
				0873D95029DA9BFD00C26804 /* BeastTyrantPerk.swift in Sources */,
			);
			runOnlyForDeploymentPostprocessing = 0;
		};
/* End PBXSourcesBuildPhase section */

/* Begin XCBuildConfiguration section */
		0882E45229A79E3100FB277E /* Debug */ = {
			isa = XCBuildConfiguration;
			buildSettings = {
				ALWAYS_SEARCH_USER_PATHS = NO;
				CLANG_ANALYZER_NONNULL = YES;
				CLANG_ANALYZER_NUMBER_OBJECT_CONVERSION = YES_AGGRESSIVE;
				CLANG_CXX_LANGUAGE_STANDARD = "gnu++20";
				CLANG_ENABLE_MODULES = YES;
				CLANG_ENABLE_OBJC_ARC = YES;
				CLANG_ENABLE_OBJC_WEAK = YES;
				CLANG_WARN_BLOCK_CAPTURE_AUTORELEASING = YES;
				CLANG_WARN_BOOL_CONVERSION = YES;
				CLANG_WARN_COMMA = YES;
				CLANG_WARN_CONSTANT_CONVERSION = YES;
				CLANG_WARN_DEPRECATED_OBJC_IMPLEMENTATIONS = YES;
				CLANG_WARN_DIRECT_OBJC_ISA_USAGE = YES_ERROR;
				CLANG_WARN_DOCUMENTATION_COMMENTS = YES;
				CLANG_WARN_EMPTY_BODY = YES;
				CLANG_WARN_ENUM_CONVERSION = YES;
				CLANG_WARN_INFINITE_RECURSION = YES;
				CLANG_WARN_INT_CONVERSION = YES;
				CLANG_WARN_NON_LITERAL_NULL_CONVERSION = YES;
				CLANG_WARN_OBJC_IMPLICIT_RETAIN_SELF = YES;
				CLANG_WARN_OBJC_LITERAL_CONVERSION = YES;
				CLANG_WARN_OBJC_ROOT_CLASS = YES_ERROR;
				CLANG_WARN_QUOTED_INCLUDE_IN_FRAMEWORK_HEADER = YES;
				CLANG_WARN_RANGE_LOOP_ANALYSIS = YES;
				CLANG_WARN_STRICT_PROTOTYPES = YES;
				CLANG_WARN_SUSPICIOUS_MOVE = YES;
				CLANG_WARN_UNGUARDED_AVAILABILITY = YES_AGGRESSIVE;
				CLANG_WARN_UNREACHABLE_CODE = YES;
				CLANG_WARN__DUPLICATE_METHOD_MATCH = YES;
				COPY_PHASE_STRIP = NO;
				DEBUG_INFORMATION_FORMAT = dwarf;
				ENABLE_STRICT_OBJC_MSGSEND = YES;
				ENABLE_TESTABILITY = YES;
				GCC_C_LANGUAGE_STANDARD = gnu11;
				GCC_DYNAMIC_NO_PIC = NO;
				GCC_NO_COMMON_BLOCKS = YES;
				GCC_OPTIMIZATION_LEVEL = 0;
				GCC_PREPROCESSOR_DEFINITIONS = (
					"DEBUG=1",
					"$(inherited)",
				);
				GCC_WARN_64_TO_32_BIT_CONVERSION = YES;
				GCC_WARN_ABOUT_RETURN_TYPE = YES_ERROR;
				GCC_WARN_UNDECLARED_SELECTOR = YES;
				GCC_WARN_UNINITIALIZED_AUTOS = YES_AGGRESSIVE;
				GCC_WARN_UNUSED_FUNCTION = YES;
				GCC_WARN_UNUSED_VARIABLE = YES;
				IPHONEOS_DEPLOYMENT_TARGET = 16.2;
				MTL_ENABLE_DEBUG_INFO = INCLUDE_SOURCE;
				MTL_FAST_MATH = YES;
				ONLY_ACTIVE_ARCH = YES;
				SDKROOT = iphoneos;
				SWIFT_ACTIVE_COMPILATION_CONDITIONS = DEBUG;
				SWIFT_OPTIMIZATION_LEVEL = "-Onone";
			};
			name = Debug;
		};
		0882E45329A79E3100FB277E /* Release */ = {
			isa = XCBuildConfiguration;
			buildSettings = {
				ALWAYS_SEARCH_USER_PATHS = NO;
				CLANG_ANALYZER_NONNULL = YES;
				CLANG_ANALYZER_NUMBER_OBJECT_CONVERSION = YES_AGGRESSIVE;
				CLANG_CXX_LANGUAGE_STANDARD = "gnu++20";
				CLANG_ENABLE_MODULES = YES;
				CLANG_ENABLE_OBJC_ARC = YES;
				CLANG_ENABLE_OBJC_WEAK = YES;
				CLANG_WARN_BLOCK_CAPTURE_AUTORELEASING = YES;
				CLANG_WARN_BOOL_CONVERSION = YES;
				CLANG_WARN_COMMA = YES;
				CLANG_WARN_CONSTANT_CONVERSION = YES;
				CLANG_WARN_DEPRECATED_OBJC_IMPLEMENTATIONS = YES;
				CLANG_WARN_DIRECT_OBJC_ISA_USAGE = YES_ERROR;
				CLANG_WARN_DOCUMENTATION_COMMENTS = YES;
				CLANG_WARN_EMPTY_BODY = YES;
				CLANG_WARN_ENUM_CONVERSION = YES;
				CLANG_WARN_INFINITE_RECURSION = YES;
				CLANG_WARN_INT_CONVERSION = YES;
				CLANG_WARN_NON_LITERAL_NULL_CONVERSION = YES;
				CLANG_WARN_OBJC_IMPLICIT_RETAIN_SELF = YES;
				CLANG_WARN_OBJC_LITERAL_CONVERSION = YES;
				CLANG_WARN_OBJC_ROOT_CLASS = YES_ERROR;
				CLANG_WARN_QUOTED_INCLUDE_IN_FRAMEWORK_HEADER = YES;
				CLANG_WARN_RANGE_LOOP_ANALYSIS = YES;
				CLANG_WARN_STRICT_PROTOTYPES = YES;
				CLANG_WARN_SUSPICIOUS_MOVE = YES;
				CLANG_WARN_UNGUARDED_AVAILABILITY = YES_AGGRESSIVE;
				CLANG_WARN_UNREACHABLE_CODE = YES;
				CLANG_WARN__DUPLICATE_METHOD_MATCH = YES;
				COPY_PHASE_STRIP = NO;
				DEBUG_INFORMATION_FORMAT = "dwarf-with-dsym";
				ENABLE_NS_ASSERTIONS = NO;
				ENABLE_STRICT_OBJC_MSGSEND = YES;
				GCC_C_LANGUAGE_STANDARD = gnu11;
				GCC_NO_COMMON_BLOCKS = YES;
				GCC_WARN_64_TO_32_BIT_CONVERSION = YES;
				GCC_WARN_ABOUT_RETURN_TYPE = YES_ERROR;
				GCC_WARN_UNDECLARED_SELECTOR = YES;
				GCC_WARN_UNINITIALIZED_AUTOS = YES_AGGRESSIVE;
				GCC_WARN_UNUSED_FUNCTION = YES;
				GCC_WARN_UNUSED_VARIABLE = YES;
				IPHONEOS_DEPLOYMENT_TARGET = 16.2;
				MTL_ENABLE_DEBUG_INFO = NO;
				MTL_FAST_MATH = YES;
				SDKROOT = iphoneos;
				SWIFT_COMPILATION_MODE = wholemodule;
				SWIFT_OPTIMIZATION_LEVEL = "-O";
				VALIDATE_PRODUCT = YES;
			};
			name = Release;
		};
		0882E45529A79E3100FB277E /* Debug */ = {
			isa = XCBuildConfiguration;
			buildSettings = {
				ASSETCATALOG_COMPILER_APPICON_NAME = AppIcon;
				ASSETCATALOG_COMPILER_GLOBAL_ACCENT_COLOR_NAME = AccentColor;
				CODE_SIGN_STYLE = Automatic;
				CURRENT_PROJECT_VERSION = 1;
				DEVELOPMENT_ASSET_PATHS = "\"CardFlip/Preview Content\"";
				ENABLE_PREVIEWS = YES;
				GENERATE_INFOPLIST_FILE = YES;
				INFOPLIST_FILE = CardFlip/Info.plist;
				INFOPLIST_KEY_UIApplicationSceneManifest_Generation = YES;
				INFOPLIST_KEY_UIApplicationSupportsIndirectInputEvents = YES;
				INFOPLIST_KEY_UILaunchScreen_Generation = YES;
				INFOPLIST_KEY_UISupportedInterfaceOrientations_iPad = "UIInterfaceOrientationPortrait UIInterfaceOrientationPortraitUpsideDown UIInterfaceOrientationLandscapeLeft UIInterfaceOrientationLandscapeRight";
				INFOPLIST_KEY_UISupportedInterfaceOrientations_iPhone = "UIInterfaceOrientationPortrait UIInterfaceOrientationLandscapeLeft UIInterfaceOrientationLandscapeRight";
				IPHONEOS_DEPLOYMENT_TARGET = 16.0;
				LD_RUNPATH_SEARCH_PATHS = (
					"$(inherited)",
					"@executable_path/Frameworks",
				);
				MARKETING_VERSION = 1.0;
				PRODUCT_BUNDLE_IDENTIFIER = acs.CardFlip;
				PRODUCT_NAME = "$(TARGET_NAME)";
				SWIFT_EMIT_LOC_STRINGS = YES;
				SWIFT_VERSION = 5.0;
				TARGETED_DEVICE_FAMILY = "1,2";
			};
			name = Debug;
		};
		0882E45629A79E3100FB277E /* Release */ = {
			isa = XCBuildConfiguration;
			buildSettings = {
				ASSETCATALOG_COMPILER_APPICON_NAME = AppIcon;
				ASSETCATALOG_COMPILER_GLOBAL_ACCENT_COLOR_NAME = AccentColor;
				CODE_SIGN_STYLE = Automatic;
				CURRENT_PROJECT_VERSION = 1;
				DEVELOPMENT_ASSET_PATHS = "\"CardFlip/Preview Content\"";
				ENABLE_PREVIEWS = YES;
				GENERATE_INFOPLIST_FILE = YES;
				INFOPLIST_FILE = CardFlip/Info.plist;
				INFOPLIST_KEY_UIApplicationSceneManifest_Generation = YES;
				INFOPLIST_KEY_UIApplicationSupportsIndirectInputEvents = YES;
				INFOPLIST_KEY_UILaunchScreen_Generation = YES;
				INFOPLIST_KEY_UISupportedInterfaceOrientations_iPad = "UIInterfaceOrientationPortrait UIInterfaceOrientationPortraitUpsideDown UIInterfaceOrientationLandscapeLeft UIInterfaceOrientationLandscapeRight";
				INFOPLIST_KEY_UISupportedInterfaceOrientations_iPhone = "UIInterfaceOrientationPortrait UIInterfaceOrientationLandscapeLeft UIInterfaceOrientationLandscapeRight";
				IPHONEOS_DEPLOYMENT_TARGET = 16.0;
				LD_RUNPATH_SEARCH_PATHS = (
					"$(inherited)",
					"@executable_path/Frameworks",
				);
				MARKETING_VERSION = 1.0;
				PRODUCT_BUNDLE_IDENTIFIER = acs.CardFlip;
				PRODUCT_NAME = "$(TARGET_NAME)";
				SWIFT_EMIT_LOC_STRINGS = YES;
				SWIFT_VERSION = 5.0;
				TARGETED_DEVICE_FAMILY = "1,2";
			};
			name = Release;
		};
/* End XCBuildConfiguration section */

/* Begin XCConfigurationList section */
		0882E44129A79E2F00FB277E /* Build configuration list for PBXProject "CardFlip" */ = {
			isa = XCConfigurationList;
			buildConfigurations = (
				0882E45229A79E3100FB277E /* Debug */,
				0882E45329A79E3100FB277E /* Release */,
			);
			defaultConfigurationIsVisible = 0;
			defaultConfigurationName = Release;
		};
		0882E45429A79E3100FB277E /* Build configuration list for PBXNativeTarget "CardFlip" */ = {
			isa = XCConfigurationList;
			buildConfigurations = (
				0882E45529A79E3100FB277E /* Debug */,
				0882E45629A79E3100FB277E /* Release */,
			);
			defaultConfigurationIsVisible = 0;
			defaultConfigurationName = Release;
		};
/* End XCConfigurationList section */
	};
	rootObject = 0882E43E29A79E2F00FB277E /* Project object */;
}
